
Microsoft Visual Studio Solution File, Format Version 12.00
# Visual Studio Version 16
VisualStudioVersion = 16.0.29025.244
MinimumVisualStudioVersion = 10.0.40219.1
Project("{FAE04EC0-301F-11D3-BF4B-00C04F79EFBC}") = "EMutfakWebApi", "EMutfakWebApi\EMutfakWebApi.csproj", "{41DD62D4-892D-413E-9E4D-C34E860AAC10}"
EndProject
Global
	GlobalSection(SolutionConfigurationPlatforms) = preSolution
		Debug|Any CPU = Debug|Any CPU
		Release|Any CPU = Release|Any CPU
	EndGlobalSection
	GlobalSection(ProjectConfigurationPlatforms) = postSolution
		{41DD62D4-892D-413E-9E4D-C34E860AAC10}.Debug|Any CPU.ActiveCfg = Debug|Any CPU
		{41DD62D4-892D-413E-9E4D-C34E860AAC10}.Debug|Any CPU.Build.0 = Debug|Any CPU
		{41DD62D4-892D-413E-9E4D-C34E860AAC10}.Release|Any CPU.ActiveCfg = Release|Any CPU
		{41DD62D4-892D-413E-9E4D-C34E860AAC10}.Release|Any CPU.Build.0 = Release|Any CPU
	EndGlobalSection
	GlobalSection(SolutionProperties) = preSolution
		HideSolutionNode = FALSE
	EndGlobalSection
	GlobalSection(ExtensibilityGlobals) = postSolution
		SolutionGuid = {41B1A5F9-A420-471A-89B0-50F6DFCB742B}
	EndGlobalSection
EndGlobal
